
Microsoft Visual Studio Solution File, Format Version 12.00
# Visual Studio Version 16
VisualStudioVersion = 16.0.30611.23
MinimumVisualStudioVersion = 10.0.40219.1
Project("{FAE04EC0-301F-11D3-BF4B-00C04F79EFBC}") = "ReverseStrings", "ReverseStrings\ReverseStrings.csproj", "{1317149D-B85F-455E-9237-2DA8ADE4D2C2}"
EndProject
Project("{FAE04EC0-301F-11D3-BF4B-00C04F79EFBC}") = "StackSum", "StackSum\StackSum.csproj", "{04EB9756-4EE0-4B5D-B664-ACDB8C9931EF}"
EndProject
Project("{FAE04EC0-301F-11D3-BF4B-00C04F79EFBC}") = "SimpleCalculator", "SimpleCalculator\SimpleCalculator.csproj", "{8D5F6B20-D05B-4093-A8D9-4FB3EFA6046A}"
EndProject
Project("{FAE04EC0-301F-11D3-BF4B-00C04F79EFBC}") = "MatchingBrackets", "MatchingBrackets\MatchingBrackets.csproj", "{2E38B7F7-6B94-41D2-B1BD-3D667C112701}"
EndProject
Project("{FAE04EC0-301F-11D3-BF4B-00C04F79EFBC}") = "PrintEvenNumbers", "PrintEvenNumbers\PrintEvenNumbers.csproj", "{889ED0A8-45F5-438B-B5EC-7BD8B572D8A3}"
EndProject
Project("{FAE04EC0-301F-11D3-BF4B-00C04F79EFBC}") = "Supermarket", "Supermarket\Supermarket.csproj", "{1D615F20-08D6-45EE-84B1-D1D4C3F7C6AA}"
EndProject
Project("{FAE04EC0-301F-11D3-BF4B-00C04F79EFBC}") = "HotPotato", "HotPotato\HotPotato.csproj", "{4CEA6B8E-9108-44B7-92C8-AD8E017979B3}"
EndProject
Project("{FAE04EC0-301F-11D3-BF4B-00C04F79EFBC}") = "TrafficJam", "TrafficJam\TrafficJam.csproj", "{78D0672C-9D5B-43CE-9770-45547F94F1CB}"
EndProject
Global
	GlobalSection(SolutionConfigurationPlatforms) = preSolution
		Debug|Any CPU = Debug|Any CPU
		Release|Any CPU = Release|Any CPU
	EndGlobalSection
	GlobalSection(ProjectConfigurationPlatforms) = postSolution
		{1317149D-B85F-455E-9237-2DA8ADE4D2C2}.Debug|Any CPU.ActiveCfg = Debug|Any CPU
		{1317149D-B85F-455E-9237-2DA8ADE4D2C2}.Debug|Any CPU.Build.0 = Debug|Any CPU
		{1317149D-B85F-455E-9237-2DA8ADE4D2C2}.Release|Any CPU.ActiveCfg = Release|Any CPU
		{1317149D-B85F-455E-9237-2DA8ADE4D2C2}.Release|Any CPU.Build.0 = Release|Any CPU
		{04EB9756-4EE0-4B5D-B664-ACDB8C9931EF}.Debug|Any CPU.ActiveCfg = Debug|Any CPU
		{04EB9756-4EE0-4B5D-B664-ACDB8C9931EF}.Debug|Any CPU.Build.0 = Debug|Any CPU
		{04EB9756-4EE0-4B5D-B664-ACDB8C9931EF}.Release|Any CPU.ActiveCfg = Release|Any CPU
		{04EB9756-4EE0-4B5D-B664-ACDB8C9931EF}.Release|Any CPU.Build.0 = Release|Any CPU
		{8D5F6B20-D05B-4093-A8D9-4FB3EFA6046A}.Debug|Any CPU.ActiveCfg = Debug|Any CPU
		{8D5F6B20-D05B-4093-A8D9-4FB3EFA6046A}.Debug|Any CPU.Build.0 = Debug|Any CPU
		{8D5F6B20-D05B-4093-A8D9-4FB3EFA6046A}.Release|Any CPU.ActiveCfg = Release|Any CPU
		{8D5F6B20-D05B-4093-A8D9-4FB3EFA6046A}.Release|Any CPU.Build.0 = Release|Any CPU
		{2E38B7F7-6B94-41D2-B1BD-3D667C112701}.Debug|Any CPU.ActiveCfg = Debug|Any CPU
		{2E38B7F7-6B94-41D2-B1BD-3D667C112701}.Debug|Any CPU.Build.0 = Debug|Any CPU
		{2E38B7F7-6B94-41D2-B1BD-3D667C112701}.Release|Any CPU.ActiveCfg = Release|Any CPU
		{2E38B7F7-6B94-41D2-B1BD-3D667C112701}.Release|Any CPU.Build.0 = Release|Any CPU
		{889ED0A8-45F5-438B-B5EC-7BD8B572D8A3}.Debug|Any CPU.ActiveCfg = Debug|Any CPU
		{889ED0A8-45F5-438B-B5EC-7BD8B572D8A3}.Debug|Any CPU.Build.0 = Debug|Any CPU
		{889ED0A8-45F5-438B-B5EC-7BD8B572D8A3}.Release|Any CPU.ActiveCfg = Release|Any CPU
		{889ED0A8-45F5-438B-B5EC-7BD8B572D8A3}.Release|Any CPU.Build.0 = Release|Any CPU
		{1D615F20-08D6-45EE-84B1-D1D4C3F7C6AA}.Debug|Any CPU.ActiveCfg = Debug|Any CPU
		{1D615F20-08D6-45EE-84B1-D1D4C3F7C6AA}.Debug|Any CPU.Build.0 = Debug|Any CPU
		{1D615F20-08D6-45EE-84B1-D1D4C3F7C6AA}.Release|Any CPU.ActiveCfg = Release|Any CPU
		{1D615F20-08D6-45EE-84B1-D1D4C3F7C6AA}.Release|Any CPU.Build.0 = Release|Any CPU
		{4CEA6B8E-9108-44B7-92C8-AD8E017979B3}.Debug|Any CPU.ActiveCfg = Debug|Any CPU
		{4CEA6B8E-9108-44B7-92C8-AD8E017979B3}.Debug|Any CPU.Build.0 = Debug|Any CPU
		{4CEA6B8E-9108-44B7-92C8-AD8E017979B3}.Release|Any CPU.ActiveCfg = Release|Any CPU
		{4CEA6B8E-9108-44B7-92C8-AD8E017979B3}.Release|Any CPU.Build.0 = Release|Any CPU
		{78D0672C-9D5B-43CE-9770-45547F94F1CB}.Debug|Any CPU.ActiveCfg = Debug|Any CPU
		{78D0672C-9D5B-43CE-9770-45547F94F1CB}.Debug|Any CPU.Build.0 = Debug|Any CPU
		{78D0672C-9D5B-43CE-9770-45547F94F1CB}.Release|Any CPU.ActiveCfg = Release|Any CPU
		{78D0672C-9D5B-43CE-9770-45547F94F1CB}.Release|Any CPU.Build.0 = Release|Any CPU
	EndGlobalSection
	GlobalSection(SolutionProperties) = preSolution
		HideSolutionNode = FALSE
	EndGlobalSection
	GlobalSection(ExtensibilityGlobals) = postSolution
		SolutionGuid = {3938A62D-5AB0-4B51-97A9-8E7B871382FB}
	EndGlobalSection
EndGlobal
