
Microsoft Visual Studio Solution File, Format Version 12.00
# Visual Studio Version 16
VisualStudioVersion = 16.0.31605.320
MinimumVisualStudioVersion = 10.0.40219.1
Project("{FAE04EC0-301F-11D3-BF4B-00C04F79EFBC}") = "P03_FootballBetting", "P03_FootballBetting\P03_FootballBetting.csproj", "{AAFAAA65-0C83-421F-9EAF-B263E0302871}"
EndProject
Project("{FAE04EC0-301F-11D3-BF4B-00C04F79EFBC}") = "P03_FootballBetting.Data.Models", "P03_FootballBetting.Data.Models\P03_FootballBetting.Data.Models.csproj", "{A7FACDF6-2F55-4110-86FC-1B845DD6CA7A}"
EndProject
Project("{FAE04EC0-301F-11D3-BF4B-00C04F79EFBC}") = "P03_FootballBetting.Data", "P03_FootballBetting.Data\P03_FootballBetting.Data.csproj", "{6CD6C86A-8AAF-49EA-9A1A-6A90490E5647}"
EndProject
Global
	GlobalSection(SolutionConfigurationPlatforms) = preSolution
		Debug|Any CPU = Debug|Any CPU
		Release|Any CPU = Release|Any CPU
	EndGlobalSection
	GlobalSection(ProjectConfigurationPlatforms) = postSolution
		{AAFAAA65-0C83-421F-9EAF-B263E0302871}.Debug|Any CPU.ActiveCfg = Debug|Any CPU
		{AAFAAA65-0C83-421F-9EAF-B263E0302871}.Debug|Any CPU.Build.0 = Debug|Any CPU
		{AAFAAA65-0C83-421F-9EAF-B263E0302871}.Release|Any CPU.ActiveCfg = Release|Any CPU
		{AAFAAA65-0C83-421F-9EAF-B263E0302871}.Release|Any CPU.Build.0 = Release|Any CPU
		{A7FACDF6-2F55-4110-86FC-1B845DD6CA7A}.Debug|Any CPU.ActiveCfg = Debug|Any CPU
		{A7FACDF6-2F55-4110-86FC-1B845DD6CA7A}.Debug|Any CPU.Build.0 = Debug|Any CPU
		{A7FACDF6-2F55-4110-86FC-1B845DD6CA7A}.Release|Any CPU.ActiveCfg = Release|Any CPU
		{A7FACDF6-2F55-4110-86FC-1B845DD6CA7A}.Release|Any CPU.Build.0 = Release|Any CPU
		{6CD6C86A-8AAF-49EA-9A1A-6A90490E5647}.Debug|Any CPU.ActiveCfg = Debug|Any CPU
		{6CD6C86A-8AAF-49EA-9A1A-6A90490E5647}.Debug|Any CPU.Build.0 = Debug|Any CPU
		{6CD6C86A-8AAF-49EA-9A1A-6A90490E5647}.Release|Any CPU.ActiveCfg = Release|Any CPU
		{6CD6C86A-8AAF-49EA-9A1A-6A90490E5647}.Release|Any CPU.Build.0 = Release|Any CPU
	EndGlobalSection
	GlobalSection(SolutionProperties) = preSolution
		HideSolutionNode = FALSE
	EndGlobalSection
	GlobalSection(ExtensibilityGlobals) = postSolution
		SolutionGuid = {ECC006D5-D122-4D8E-B9C4-774D7ACB74DE}
	EndGlobalSection
EndGlobal
