
Microsoft Visual Studio Solution File, Format Version 12.00
# Visual Studio Version 16
VisualStudioVersion = 16.0.30611.23
MinimumVisualStudioVersion = 10.0.40219.1
Project("{FAE04EC0-301F-11D3-BF4B-00C04F79EFBC}") = "NationalCourt", "NationalCourt\NationalCourt.csproj", "{5CEA50F8-F571-4FEA-9867-3B3C98D72770}"
EndProject
Project("{FAE04EC0-301F-11D3-BF4B-00C04F79EFBC}") = "ShoppingList", "ShoppingList\ShoppingList.csproj", "{A95F77FA-2C15-4F44-BB56-460EE2210974}"
EndProject
Project("{FAE04EC0-301F-11D3-BF4B-00C04F79EFBC}") = "HeartDelivery", "HeartDelivery\HeartDelivery.csproj", "{8C388981-06B8-437B-BCD3-5BF1D048AC82}"
EndProject
Global
	GlobalSection(SolutionConfigurationPlatforms) = preSolution
		Debug|Any CPU = Debug|Any CPU
		Release|Any CPU = Release|Any CPU
	EndGlobalSection
	GlobalSection(ProjectConfigurationPlatforms) = postSolution
		{5CEA50F8-F571-4FEA-9867-3B3C98D72770}.Debug|Any CPU.ActiveCfg = Debug|Any CPU
		{5CEA50F8-F571-4FEA-9867-3B3C98D72770}.Debug|Any CPU.Build.0 = Debug|Any CPU
		{5CEA50F8-F571-4FEA-9867-3B3C98D72770}.Release|Any CPU.ActiveCfg = Release|Any CPU
		{5CEA50F8-F571-4FEA-9867-3B3C98D72770}.Release|Any CPU.Build.0 = Release|Any CPU
		{A95F77FA-2C15-4F44-BB56-460EE2210974}.Debug|Any CPU.ActiveCfg = Debug|Any CPU
		{A95F77FA-2C15-4F44-BB56-460EE2210974}.Debug|Any CPU.Build.0 = Debug|Any CPU
		{A95F77FA-2C15-4F44-BB56-460EE2210974}.Release|Any CPU.ActiveCfg = Release|Any CPU
		{A95F77FA-2C15-4F44-BB56-460EE2210974}.Release|Any CPU.Build.0 = Release|Any CPU
		{8C388981-06B8-437B-BCD3-5BF1D048AC82}.Debug|Any CPU.ActiveCfg = Debug|Any CPU
		{8C388981-06B8-437B-BCD3-5BF1D048AC82}.Debug|Any CPU.Build.0 = Debug|Any CPU
		{8C388981-06B8-437B-BCD3-5BF1D048AC82}.Release|Any CPU.ActiveCfg = Release|Any CPU
		{8C388981-06B8-437B-BCD3-5BF1D048AC82}.Release|Any CPU.Build.0 = Release|Any CPU
	EndGlobalSection
	GlobalSection(SolutionProperties) = preSolution
		HideSolutionNode = FALSE
	EndGlobalSection
	GlobalSection(ExtensibilityGlobals) = postSolution
		SolutionGuid = {1EBC50FC-4774-4B77-8B5A-9AB17F0E07D0}
	EndGlobalSection
EndGlobal
