
Microsoft Visual Studio Solution File, Format Version 12.00
# Visual Studio Version 16
VisualStudioVersion = 16.0.30611.23
MinimumVisualStudioVersion = 10.0.40219.1
Project("{FAE04EC0-301F-11D3-BF4B-00C04F79EFBC}") = "ComputerStore", "ComputerStore\ComputerStore.csproj", "{E4EA740D-DB59-4F0B-92B7-02B63BB3720B}"
EndProject
Project("{FAE04EC0-301F-11D3-BF4B-00C04F79EFBC}") = "Lift", "Lift\Lift.csproj", "{36583460-6C59-443B-AE3D-9B690BFDAB5E}"
EndProject
Project("{FAE04EC0-301F-11D3-BF4B-00C04F79EFBC}") = "MemoryGame", "MemoryGame\MemoryGame.csproj", "{947E2308-8ED6-4499-A9DE-D7908138E474}"
EndProject
Global
	GlobalSection(SolutionConfigurationPlatforms) = preSolution
		Debug|Any CPU = Debug|Any CPU
		Release|Any CPU = Release|Any CPU
	EndGlobalSection
	GlobalSection(ProjectConfigurationPlatforms) = postSolution
		{E4EA740D-DB59-4F0B-92B7-02B63BB3720B}.Debug|Any CPU.ActiveCfg = Debug|Any CPU
		{E4EA740D-DB59-4F0B-92B7-02B63BB3720B}.Debug|Any CPU.Build.0 = Debug|Any CPU
		{E4EA740D-DB59-4F0B-92B7-02B63BB3720B}.Release|Any CPU.ActiveCfg = Release|Any CPU
		{E4EA740D-DB59-4F0B-92B7-02B63BB3720B}.Release|Any CPU.Build.0 = Release|Any CPU
		{36583460-6C59-443B-AE3D-9B690BFDAB5E}.Debug|Any CPU.ActiveCfg = Debug|Any CPU
		{36583460-6C59-443B-AE3D-9B690BFDAB5E}.Debug|Any CPU.Build.0 = Debug|Any CPU
		{36583460-6C59-443B-AE3D-9B690BFDAB5E}.Release|Any CPU.ActiveCfg = Release|Any CPU
		{36583460-6C59-443B-AE3D-9B690BFDAB5E}.Release|Any CPU.Build.0 = Release|Any CPU
		{947E2308-8ED6-4499-A9DE-D7908138E474}.Debug|Any CPU.ActiveCfg = Debug|Any CPU
		{947E2308-8ED6-4499-A9DE-D7908138E474}.Debug|Any CPU.Build.0 = Debug|Any CPU
		{947E2308-8ED6-4499-A9DE-D7908138E474}.Release|Any CPU.ActiveCfg = Release|Any CPU
		{947E2308-8ED6-4499-A9DE-D7908138E474}.Release|Any CPU.Build.0 = Release|Any CPU
	EndGlobalSection
	GlobalSection(SolutionProperties) = preSolution
		HideSolutionNode = FALSE
	EndGlobalSection
	GlobalSection(ExtensibilityGlobals) = postSolution
		SolutionGuid = {89B21286-252A-4AE8-B3B5-276FA46BA383}
	EndGlobalSection
EndGlobal
