
Microsoft Visual Studio Solution File, Format Version 12.00
# Visual Studio Version 16
VisualStudioVersion = 16.0.30611.23
MinimumVisualStudioVersion = 10.0.40219.1
Project("{FAE04EC0-301F-11D3-BF4B-00C04F79EFBC}") = "SoftUniReception", "SoftUniReception\SoftUniReception.csproj", "{194841C0-899F-4219-950E-A5C3DCB577A9}"
EndProject
Project("{FAE04EC0-301F-11D3-BF4B-00C04F79EFBC}") = "ArrayModifier", "ArrayModifier\ArrayModifier.csproj", "{ACE4F41B-1905-47A9-81F1-DF9090AED43E}"
EndProject
Project("{FAE04EC0-301F-11D3-BF4B-00C04F79EFBC}") = "Numbers", "Numbers\Numbers.csproj", "{9ECE7063-52A1-4FBE-B983-FB7D10E627D2}"
EndProject
Global
	GlobalSection(SolutionConfigurationPlatforms) = preSolution
		Debug|Any CPU = Debug|Any CPU
		Release|Any CPU = Release|Any CPU
	EndGlobalSection
	GlobalSection(ProjectConfigurationPlatforms) = postSolution
		{194841C0-899F-4219-950E-A5C3DCB577A9}.Debug|Any CPU.ActiveCfg = Debug|Any CPU
		{194841C0-899F-4219-950E-A5C3DCB577A9}.Debug|Any CPU.Build.0 = Debug|Any CPU
		{194841C0-899F-4219-950E-A5C3DCB577A9}.Release|Any CPU.ActiveCfg = Release|Any CPU
		{194841C0-899F-4219-950E-A5C3DCB577A9}.Release|Any CPU.Build.0 = Release|Any CPU
		{ACE4F41B-1905-47A9-81F1-DF9090AED43E}.Debug|Any CPU.ActiveCfg = Debug|Any CPU
		{ACE4F41B-1905-47A9-81F1-DF9090AED43E}.Debug|Any CPU.Build.0 = Debug|Any CPU
		{ACE4F41B-1905-47A9-81F1-DF9090AED43E}.Release|Any CPU.ActiveCfg = Release|Any CPU
		{ACE4F41B-1905-47A9-81F1-DF9090AED43E}.Release|Any CPU.Build.0 = Release|Any CPU
		{9ECE7063-52A1-4FBE-B983-FB7D10E627D2}.Debug|Any CPU.ActiveCfg = Debug|Any CPU
		{9ECE7063-52A1-4FBE-B983-FB7D10E627D2}.Debug|Any CPU.Build.0 = Debug|Any CPU
		{9ECE7063-52A1-4FBE-B983-FB7D10E627D2}.Release|Any CPU.ActiveCfg = Release|Any CPU
		{9ECE7063-52A1-4FBE-B983-FB7D10E627D2}.Release|Any CPU.Build.0 = Release|Any CPU
	EndGlobalSection
	GlobalSection(SolutionProperties) = preSolution
		HideSolutionNode = FALSE
	EndGlobalSection
	GlobalSection(ExtensibilityGlobals) = postSolution
		SolutionGuid = {37C92A54-FCF9-44B0-92BB-B43505E9DCCA}
	EndGlobalSection
EndGlobal
