
Microsoft Visual Studio Solution File, Format Version 12.00
# Visual Studio Version 16
VisualStudioVersion = 16.0.30611.23
MinimumVisualStudioVersion = 10.0.40219.1
Project("{FAE04EC0-301F-11D3-BF4B-00C04F79EFBC}") = "SortNumbers", "SortNumbers\SortNumbers.csproj", "{E277003A-1B1C-47E7-B004-27AE2BDF5D76}"
EndProject
Project("{FAE04EC0-301F-11D3-BF4B-00C04F79EFBC}") = "EnglishNameOfTheLastDigit", "EnglishNameOfTheLastDigit\EnglishNameOfTheLastDigit.csproj", "{72E4ED13-4390-4437-B5E2-4396141F4C55}"
EndProject
Project("{FAE04EC0-301F-11D3-BF4B-00C04F79EFBC}") = "GamingStore", "GamingStore\GamingStore.csproj", "{F41E1A99-6F30-44D0-A9D0-286FB30F1264}"
EndProject
Project("{FAE04EC0-301F-11D3-BF4B-00C04F79EFBC}") = "ReverseString", "ReverseString\ReverseString.csproj", "{E2F5EC98-305D-401B-B550-6AB4E35E4DB3}"
EndProject
Project("{FAE04EC0-301F-11D3-BF4B-00C04F79EFBC}") = "Messages", "Messages\Messages.csproj", "{FBAB5DE8-AF21-4693-8E83-2D4AC77BFDEC}"
EndProject
Global
	GlobalSection(SolutionConfigurationPlatforms) = preSolution
		Debug|Any CPU = Debug|Any CPU
		Release|Any CPU = Release|Any CPU
	EndGlobalSection
	GlobalSection(ProjectConfigurationPlatforms) = postSolution
		{E277003A-1B1C-47E7-B004-27AE2BDF5D76}.Debug|Any CPU.ActiveCfg = Debug|Any CPU
		{E277003A-1B1C-47E7-B004-27AE2BDF5D76}.Debug|Any CPU.Build.0 = Debug|Any CPU
		{E277003A-1B1C-47E7-B004-27AE2BDF5D76}.Release|Any CPU.ActiveCfg = Release|Any CPU
		{E277003A-1B1C-47E7-B004-27AE2BDF5D76}.Release|Any CPU.Build.0 = Release|Any CPU
		{72E4ED13-4390-4437-B5E2-4396141F4C55}.Debug|Any CPU.ActiveCfg = Debug|Any CPU
		{72E4ED13-4390-4437-B5E2-4396141F4C55}.Debug|Any CPU.Build.0 = Debug|Any CPU
		{72E4ED13-4390-4437-B5E2-4396141F4C55}.Release|Any CPU.ActiveCfg = Release|Any CPU
		{72E4ED13-4390-4437-B5E2-4396141F4C55}.Release|Any CPU.Build.0 = Release|Any CPU
		{F41E1A99-6F30-44D0-A9D0-286FB30F1264}.Debug|Any CPU.ActiveCfg = Debug|Any CPU
		{F41E1A99-6F30-44D0-A9D0-286FB30F1264}.Debug|Any CPU.Build.0 = Debug|Any CPU
		{F41E1A99-6F30-44D0-A9D0-286FB30F1264}.Release|Any CPU.ActiveCfg = Release|Any CPU
		{F41E1A99-6F30-44D0-A9D0-286FB30F1264}.Release|Any CPU.Build.0 = Release|Any CPU
		{E2F5EC98-305D-401B-B550-6AB4E35E4DB3}.Debug|Any CPU.ActiveCfg = Debug|Any CPU
		{E2F5EC98-305D-401B-B550-6AB4E35E4DB3}.Debug|Any CPU.Build.0 = Debug|Any CPU
		{E2F5EC98-305D-401B-B550-6AB4E35E4DB3}.Release|Any CPU.ActiveCfg = Release|Any CPU
		{E2F5EC98-305D-401B-B550-6AB4E35E4DB3}.Release|Any CPU.Build.0 = Release|Any CPU
		{FBAB5DE8-AF21-4693-8E83-2D4AC77BFDEC}.Debug|Any CPU.ActiveCfg = Debug|Any CPU
		{FBAB5DE8-AF21-4693-8E83-2D4AC77BFDEC}.Debug|Any CPU.Build.0 = Debug|Any CPU
		{FBAB5DE8-AF21-4693-8E83-2D4AC77BFDEC}.Release|Any CPU.ActiveCfg = Release|Any CPU
		{FBAB5DE8-AF21-4693-8E83-2D4AC77BFDEC}.Release|Any CPU.Build.0 = Release|Any CPU
	EndGlobalSection
	GlobalSection(SolutionProperties) = preSolution
		HideSolutionNode = FALSE
	EndGlobalSection
	GlobalSection(ExtensibilityGlobals) = postSolution
		SolutionGuid = {D0F288C3-274F-46BF-96A5-D10FB43CB127}
	EndGlobalSection
EndGlobal
