
Microsoft Visual Studio Solution File, Format Version 12.00
# Visual Studio Version 16
VisualStudioVersion = 16.0.30611.23
MinimumVisualStudioVersion = 10.0.40219.1
Project("{FAE04EC0-301F-11D3-BF4B-00C04F79EFBC}") = "MatchFullName", "MatchFullName\MatchFullName.csproj", "{747B2179-22B1-4727-BA08-5783DEE3C8DC}"
EndProject
Project("{FAE04EC0-301F-11D3-BF4B-00C04F79EFBC}") = "MatchPhoneNumber", "MatchPhoneNumber\MatchPhoneNumber.csproj", "{255E06DF-0AEF-4698-BFB6-82D60329C456}"
EndProject
Project("{FAE04EC0-301F-11D3-BF4B-00C04F79EFBC}") = "MatchHexadecimalNumbers", "MatchHexadecimalNumbers\MatchHexadecimalNumbers.csproj", "{7F0C17AB-3690-4F7F-966D-257A929A1CF2}"
EndProject
Project("{FAE04EC0-301F-11D3-BF4B-00C04F79EFBC}") = "MatchDates", "MatchDates\MatchDates.csproj", "{360A6F23-5119-4E26-AAA8-FF2C28F53A1F}"
EndProject
Project("{FAE04EC0-301F-11D3-BF4B-00C04F79EFBC}") = "MatchNumbers", "MatchNumbers\MatchNumbers.csproj", "{2F71E2F7-0307-49C0-9FDD-29B56A503391}"
EndProject
Project("{FAE04EC0-301F-11D3-BF4B-00C04F79EFBC}") = "ReplaceATag", "ReplaceATag\ReplaceATag.csproj", "{5B8E2FD0-3113-4443-91E9-6068E80B63E7}"
EndProject
Global
	GlobalSection(SolutionConfigurationPlatforms) = preSolution
		Debug|Any CPU = Debug|Any CPU
		Release|Any CPU = Release|Any CPU
	EndGlobalSection
	GlobalSection(ProjectConfigurationPlatforms) = postSolution
		{747B2179-22B1-4727-BA08-5783DEE3C8DC}.Debug|Any CPU.ActiveCfg = Debug|Any CPU
		{747B2179-22B1-4727-BA08-5783DEE3C8DC}.Debug|Any CPU.Build.0 = Debug|Any CPU
		{747B2179-22B1-4727-BA08-5783DEE3C8DC}.Release|Any CPU.ActiveCfg = Release|Any CPU
		{747B2179-22B1-4727-BA08-5783DEE3C8DC}.Release|Any CPU.Build.0 = Release|Any CPU
		{255E06DF-0AEF-4698-BFB6-82D60329C456}.Debug|Any CPU.ActiveCfg = Debug|Any CPU
		{255E06DF-0AEF-4698-BFB6-82D60329C456}.Debug|Any CPU.Build.0 = Debug|Any CPU
		{255E06DF-0AEF-4698-BFB6-82D60329C456}.Release|Any CPU.ActiveCfg = Release|Any CPU
		{255E06DF-0AEF-4698-BFB6-82D60329C456}.Release|Any CPU.Build.0 = Release|Any CPU
		{7F0C17AB-3690-4F7F-966D-257A929A1CF2}.Debug|Any CPU.ActiveCfg = Debug|Any CPU
		{7F0C17AB-3690-4F7F-966D-257A929A1CF2}.Debug|Any CPU.Build.0 = Debug|Any CPU
		{7F0C17AB-3690-4F7F-966D-257A929A1CF2}.Release|Any CPU.ActiveCfg = Release|Any CPU
		{7F0C17AB-3690-4F7F-966D-257A929A1CF2}.Release|Any CPU.Build.0 = Release|Any CPU
		{360A6F23-5119-4E26-AAA8-FF2C28F53A1F}.Debug|Any CPU.ActiveCfg = Debug|Any CPU
		{360A6F23-5119-4E26-AAA8-FF2C28F53A1F}.Debug|Any CPU.Build.0 = Debug|Any CPU
		{360A6F23-5119-4E26-AAA8-FF2C28F53A1F}.Release|Any CPU.ActiveCfg = Release|Any CPU
		{360A6F23-5119-4E26-AAA8-FF2C28F53A1F}.Release|Any CPU.Build.0 = Release|Any CPU
		{2F71E2F7-0307-49C0-9FDD-29B56A503391}.Debug|Any CPU.ActiveCfg = Debug|Any CPU
		{2F71E2F7-0307-49C0-9FDD-29B56A503391}.Debug|Any CPU.Build.0 = Debug|Any CPU
		{2F71E2F7-0307-49C0-9FDD-29B56A503391}.Release|Any CPU.ActiveCfg = Release|Any CPU
		{2F71E2F7-0307-49C0-9FDD-29B56A503391}.Release|Any CPU.Build.0 = Release|Any CPU
		{5B8E2FD0-3113-4443-91E9-6068E80B63E7}.Debug|Any CPU.ActiveCfg = Debug|Any CPU
		{5B8E2FD0-3113-4443-91E9-6068E80B63E7}.Debug|Any CPU.Build.0 = Debug|Any CPU
		{5B8E2FD0-3113-4443-91E9-6068E80B63E7}.Release|Any CPU.ActiveCfg = Release|Any CPU
		{5B8E2FD0-3113-4443-91E9-6068E80B63E7}.Release|Any CPU.Build.0 = Release|Any CPU
	EndGlobalSection
	GlobalSection(SolutionProperties) = preSolution
		HideSolutionNode = FALSE
	EndGlobalSection
	GlobalSection(ExtensibilityGlobals) = postSolution
		SolutionGuid = {3B2238C2-9A2F-4A28-97BD-6C24AB8F161D}
	EndGlobalSection
EndGlobal
