
Microsoft Visual Studio Solution File, Format Version 12.00
# Visual Studio Version 16
VisualStudioVersion = 16.0.30611.23
MinimumVisualStudioVersion = 10.0.40219.1
Project("{FAE04EC0-301F-11D3-BF4B-00C04F79EFBC}") = "DataTypes", "DataTypes\DataTypes.csproj", "{5D9D7669-0719-401C-A66F-BBE3E491D613}"
EndProject
Project("{FAE04EC0-301F-11D3-BF4B-00C04F79EFBC}") = "CenterPoint", "CenterPoint\CenterPoint.csproj", "{E11F9FDB-4DD8-4D5F-A879-2A8945244EFF}"
EndProject
Project("{FAE04EC0-301F-11D3-BF4B-00C04F79EFBC}") = "LongerLine", "LongerLine\LongerLine.csproj", "{036AFCB2-8449-49DF-AB3C-F2C666C183F6}"
EndProject
Project("{FAE04EC0-301F-11D3-BF4B-00C04F79EFBC}") = "TribonacciSequence", "TribonacciSequence\TribonacciSequence.csproj", "{D7255770-6BD0-4AD9-A455-0432B4B245B0}"
EndProject
Project("{FAE04EC0-301F-11D3-BF4B-00C04F79EFBC}") = "MultiplicationSign", "MultiplicationSign\MultiplicationSign.csproj", "{D21E9033-2B9B-4291-AA1B-9036B1620A76}"
EndProject
Global
	GlobalSection(SolutionConfigurationPlatforms) = preSolution
		Debug|Any CPU = Debug|Any CPU
		Release|Any CPU = Release|Any CPU
	EndGlobalSection
	GlobalSection(ProjectConfigurationPlatforms) = postSolution
		{5D9D7669-0719-401C-A66F-BBE3E491D613}.Debug|Any CPU.ActiveCfg = Debug|Any CPU
		{5D9D7669-0719-401C-A66F-BBE3E491D613}.Debug|Any CPU.Build.0 = Debug|Any CPU
		{5D9D7669-0719-401C-A66F-BBE3E491D613}.Release|Any CPU.ActiveCfg = Release|Any CPU
		{5D9D7669-0719-401C-A66F-BBE3E491D613}.Release|Any CPU.Build.0 = Release|Any CPU
		{E11F9FDB-4DD8-4D5F-A879-2A8945244EFF}.Debug|Any CPU.ActiveCfg = Debug|Any CPU
		{E11F9FDB-4DD8-4D5F-A879-2A8945244EFF}.Debug|Any CPU.Build.0 = Debug|Any CPU
		{E11F9FDB-4DD8-4D5F-A879-2A8945244EFF}.Release|Any CPU.ActiveCfg = Release|Any CPU
		{E11F9FDB-4DD8-4D5F-A879-2A8945244EFF}.Release|Any CPU.Build.0 = Release|Any CPU
		{036AFCB2-8449-49DF-AB3C-F2C666C183F6}.Debug|Any CPU.ActiveCfg = Debug|Any CPU
		{036AFCB2-8449-49DF-AB3C-F2C666C183F6}.Debug|Any CPU.Build.0 = Debug|Any CPU
		{036AFCB2-8449-49DF-AB3C-F2C666C183F6}.Release|Any CPU.ActiveCfg = Release|Any CPU
		{036AFCB2-8449-49DF-AB3C-F2C666C183F6}.Release|Any CPU.Build.0 = Release|Any CPU
		{D7255770-6BD0-4AD9-A455-0432B4B245B0}.Debug|Any CPU.ActiveCfg = Debug|Any CPU
		{D7255770-6BD0-4AD9-A455-0432B4B245B0}.Debug|Any CPU.Build.0 = Debug|Any CPU
		{D7255770-6BD0-4AD9-A455-0432B4B245B0}.Release|Any CPU.ActiveCfg = Release|Any CPU
		{D7255770-6BD0-4AD9-A455-0432B4B245B0}.Release|Any CPU.Build.0 = Release|Any CPU
		{D21E9033-2B9B-4291-AA1B-9036B1620A76}.Debug|Any CPU.ActiveCfg = Debug|Any CPU
		{D21E9033-2B9B-4291-AA1B-9036B1620A76}.Debug|Any CPU.Build.0 = Debug|Any CPU
		{D21E9033-2B9B-4291-AA1B-9036B1620A76}.Release|Any CPU.ActiveCfg = Release|Any CPU
		{D21E9033-2B9B-4291-AA1B-9036B1620A76}.Release|Any CPU.Build.0 = Release|Any CPU
	EndGlobalSection
	GlobalSection(SolutionProperties) = preSolution
		HideSolutionNode = FALSE
	EndGlobalSection
	GlobalSection(ExtensibilityGlobals) = postSolution
		SolutionGuid = {6B352F77-A124-4AA8-8F1C-BBAA9B749F36}
	EndGlobalSection
EndGlobal
