
Microsoft Visual Studio Solution File, Format Version 12.00
# Visual Studio Version 16
VisualStudioVersion = 16.0.30611.23
MinimumVisualStudioVersion = 10.0.40219.1
Project("{FAE04EC0-301F-11D3-BF4B-00C04F79EFBC}") = "Operations", "Operations\Operations.csproj", "{32B69C1E-8E67-49EB-9936-D10887E7A3C8}"
EndProject
Project("{FAE04EC0-301F-11D3-BF4B-00C04F79EFBC}") = "Animals", "Animals\Animals.csproj", "{DCEE0CFB-8891-4545-975C-87B0D8AA4B1A}"
EndProject
Project("{FAE04EC0-301F-11D3-BF4B-00C04F79EFBC}") = "Shapes", "Shapes\Shapes.csproj", "{B1E8FD3C-7984-48CE-AC01-D331257BFF28}"
EndProject
Global
	GlobalSection(SolutionConfigurationPlatforms) = preSolution
		Debug|Any CPU = Debug|Any CPU
		Release|Any CPU = Release|Any CPU
	EndGlobalSection
	GlobalSection(ProjectConfigurationPlatforms) = postSolution
		{32B69C1E-8E67-49EB-9936-D10887E7A3C8}.Debug|Any CPU.ActiveCfg = Debug|Any CPU
		{32B69C1E-8E67-49EB-9936-D10887E7A3C8}.Debug|Any CPU.Build.0 = Debug|Any CPU
		{32B69C1E-8E67-49EB-9936-D10887E7A3C8}.Release|Any CPU.ActiveCfg = Release|Any CPU
		{32B69C1E-8E67-49EB-9936-D10887E7A3C8}.Release|Any CPU.Build.0 = Release|Any CPU
		{DCEE0CFB-8891-4545-975C-87B0D8AA4B1A}.Debug|Any CPU.ActiveCfg = Debug|Any CPU
		{DCEE0CFB-8891-4545-975C-87B0D8AA4B1A}.Debug|Any CPU.Build.0 = Debug|Any CPU
		{DCEE0CFB-8891-4545-975C-87B0D8AA4B1A}.Release|Any CPU.ActiveCfg = Release|Any CPU
		{DCEE0CFB-8891-4545-975C-87B0D8AA4B1A}.Release|Any CPU.Build.0 = Release|Any CPU
		{B1E8FD3C-7984-48CE-AC01-D331257BFF28}.Debug|Any CPU.ActiveCfg = Debug|Any CPU
		{B1E8FD3C-7984-48CE-AC01-D331257BFF28}.Debug|Any CPU.Build.0 = Debug|Any CPU
		{B1E8FD3C-7984-48CE-AC01-D331257BFF28}.Release|Any CPU.ActiveCfg = Release|Any CPU
		{B1E8FD3C-7984-48CE-AC01-D331257BFF28}.Release|Any CPU.Build.0 = Release|Any CPU
	EndGlobalSection
	GlobalSection(SolutionProperties) = preSolution
		HideSolutionNode = FALSE
	EndGlobalSection
	GlobalSection(ExtensibilityGlobals) = postSolution
		SolutionGuid = {EA2028CB-10C2-4CF3-9BEE-57F7830E0AC6}
	EndGlobalSection
EndGlobal
