
Microsoft Visual Studio Solution File, Format Version 12.00
# Visual Studio Version 16
VisualStudioVersion = 16.0.31605.320
MinimumVisualStudioVersion = 10.0.40219.1
Project("{FAE04EC0-301F-11D3-BF4B-00C04F79EFBC}") = "P01_HospitalDatabase", "P01_HospitalDatabase\P01_HospitalDatabase.csproj", "{C82FD361-E37B-4880-8109-33DEFB346C33}"
EndProject
Global
	GlobalSection(SolutionConfigurationPlatforms) = preSolution
		Debug|Any CPU = Debug|Any CPU
		Release|Any CPU = Release|Any CPU
	EndGlobalSection
	GlobalSection(ProjectConfigurationPlatforms) = postSolution
		{C82FD361-E37B-4880-8109-33DEFB346C33}.Debug|Any CPU.ActiveCfg = Debug|Any CPU
		{C82FD361-E37B-4880-8109-33DEFB346C33}.Debug|Any CPU.Build.0 = Debug|Any CPU
		{C82FD361-E37B-4880-8109-33DEFB346C33}.Release|Any CPU.ActiveCfg = Release|Any CPU
		{C82FD361-E37B-4880-8109-33DEFB346C33}.Release|Any CPU.Build.0 = Release|Any CPU
	EndGlobalSection
	GlobalSection(SolutionProperties) = preSolution
		HideSolutionNode = FALSE
	EndGlobalSection
	GlobalSection(ExtensibilityGlobals) = postSolution
		SolutionGuid = {1B874C7D-E92E-4393-B0FE-EBE321AE7055}
	EndGlobalSection
EndGlobal
