
Microsoft Visual Studio Solution File, Format Version 12.00
# Visual Studio Version 16
VisualStudioVersion = 16.0.30611.23
MinimumVisualStudioVersion = 10.0.40219.1
Project("{FAE04EC0-301F-11D3-BF4B-00C04F79EFBC}") = "CounterStrike", "CounterStrike\CounterStrike.csproj", "{375F7119-68E8-4A9D-84E9-C4CC5EE026F3}"
EndProject
Project("{FAE04EC0-301F-11D3-BF4B-00C04F79EFBC}") = "ShootForTheWin", "ShootForTheWin\ShootForTheWin.csproj", "{66ACB0FC-760D-44FE-B778-15A0B6A9101B}"
EndProject
Project("{FAE04EC0-301F-11D3-BF4B-00C04F79EFBC}") = "MovingTarget", "MovingTarget\MovingTarget.csproj", "{26EB692B-B925-4984-996A-5BF7C739FA0E}"
EndProject
Global
	GlobalSection(SolutionConfigurationPlatforms) = preSolution
		Debug|Any CPU = Debug|Any CPU
		Release|Any CPU = Release|Any CPU
	EndGlobalSection
	GlobalSection(ProjectConfigurationPlatforms) = postSolution
		{375F7119-68E8-4A9D-84E9-C4CC5EE026F3}.Debug|Any CPU.ActiveCfg = Debug|Any CPU
		{375F7119-68E8-4A9D-84E9-C4CC5EE026F3}.Debug|Any CPU.Build.0 = Debug|Any CPU
		{375F7119-68E8-4A9D-84E9-C4CC5EE026F3}.Release|Any CPU.ActiveCfg = Release|Any CPU
		{375F7119-68E8-4A9D-84E9-C4CC5EE026F3}.Release|Any CPU.Build.0 = Release|Any CPU
		{66ACB0FC-760D-44FE-B778-15A0B6A9101B}.Debug|Any CPU.ActiveCfg = Debug|Any CPU
		{66ACB0FC-760D-44FE-B778-15A0B6A9101B}.Debug|Any CPU.Build.0 = Debug|Any CPU
		{66ACB0FC-760D-44FE-B778-15A0B6A9101B}.Release|Any CPU.ActiveCfg = Release|Any CPU
		{66ACB0FC-760D-44FE-B778-15A0B6A9101B}.Release|Any CPU.Build.0 = Release|Any CPU
		{26EB692B-B925-4984-996A-5BF7C739FA0E}.Debug|Any CPU.ActiveCfg = Debug|Any CPU
		{26EB692B-B925-4984-996A-5BF7C739FA0E}.Debug|Any CPU.Build.0 = Debug|Any CPU
		{26EB692B-B925-4984-996A-5BF7C739FA0E}.Release|Any CPU.ActiveCfg = Release|Any CPU
		{26EB692B-B925-4984-996A-5BF7C739FA0E}.Release|Any CPU.Build.0 = Release|Any CPU
	EndGlobalSection
	GlobalSection(SolutionProperties) = preSolution
		HideSolutionNode = FALSE
	EndGlobalSection
	GlobalSection(ExtensibilityGlobals) = postSolution
		SolutionGuid = {A1362F8D-45D3-4266-9722-35CF8C4018D8}
	EndGlobalSection
EndGlobal
