
Microsoft Visual Studio Solution File, Format Version 12.00
# Visual Studio Version 16
VisualStudioVersion = 16.0.30611.23
MinimumVisualStudioVersion = 10.0.40219.1
Project("{9A19103F-16F7-4668-BE54-9A1E7A4F7556}") = "Messaging", "Messaging\Messaging.csproj", "{546451BA-6327-4406-9A25-D6FCD3055D6A}"
EndProject
Project("{9A19103F-16F7-4668-BE54-9A1E7A4F7556}") = "CarRace", "CarRace\CarRace.csproj", "{A5C6EB4A-ADF5-4C75-AF19-A68D9F9248A7}"
EndProject
Project("{FAE04EC0-301F-11D3-BF4B-00C04F79EFBC}") = "TakeSkipRope", "TakeSkipRope\TakeSkipRope.csproj", "{4629E08C-1D04-44A5-92B2-37F46E6406CF}"
EndProject
Project("{FAE04EC0-301F-11D3-BF4B-00C04F79EFBC}") = "MixedUpLists", "MixedUpLists\MixedUpLists.csproj", "{5712A2C2-8888-465A-80EC-F6576928C9FE}"
EndProject
Project("{FAE04EC0-301F-11D3-BF4B-00C04F79EFBC}") = "DrumSet", "DrumSet\DrumSet.csproj", "{6DC37C77-3696-4E13-B0FB-E08F8404FF98}"
EndProject
Global
	GlobalSection(SolutionConfigurationPlatforms) = preSolution
		Debug|Any CPU = Debug|Any CPU
		Release|Any CPU = Release|Any CPU
	EndGlobalSection
	GlobalSection(ProjectConfigurationPlatforms) = postSolution
		{546451BA-6327-4406-9A25-D6FCD3055D6A}.Debug|Any CPU.ActiveCfg = Debug|Any CPU
		{546451BA-6327-4406-9A25-D6FCD3055D6A}.Debug|Any CPU.Build.0 = Debug|Any CPU
		{546451BA-6327-4406-9A25-D6FCD3055D6A}.Release|Any CPU.ActiveCfg = Release|Any CPU
		{546451BA-6327-4406-9A25-D6FCD3055D6A}.Release|Any CPU.Build.0 = Release|Any CPU
		{A5C6EB4A-ADF5-4C75-AF19-A68D9F9248A7}.Debug|Any CPU.ActiveCfg = Debug|Any CPU
		{A5C6EB4A-ADF5-4C75-AF19-A68D9F9248A7}.Debug|Any CPU.Build.0 = Debug|Any CPU
		{A5C6EB4A-ADF5-4C75-AF19-A68D9F9248A7}.Release|Any CPU.ActiveCfg = Release|Any CPU
		{A5C6EB4A-ADF5-4C75-AF19-A68D9F9248A7}.Release|Any CPU.Build.0 = Release|Any CPU
		{4629E08C-1D04-44A5-92B2-37F46E6406CF}.Debug|Any CPU.ActiveCfg = Debug|Any CPU
		{4629E08C-1D04-44A5-92B2-37F46E6406CF}.Debug|Any CPU.Build.0 = Debug|Any CPU
		{4629E08C-1D04-44A5-92B2-37F46E6406CF}.Release|Any CPU.ActiveCfg = Release|Any CPU
		{4629E08C-1D04-44A5-92B2-37F46E6406CF}.Release|Any CPU.Build.0 = Release|Any CPU
		{5712A2C2-8888-465A-80EC-F6576928C9FE}.Debug|Any CPU.ActiveCfg = Debug|Any CPU
		{5712A2C2-8888-465A-80EC-F6576928C9FE}.Debug|Any CPU.Build.0 = Debug|Any CPU
		{5712A2C2-8888-465A-80EC-F6576928C9FE}.Release|Any CPU.ActiveCfg = Release|Any CPU
		{5712A2C2-8888-465A-80EC-F6576928C9FE}.Release|Any CPU.Build.0 = Release|Any CPU
		{6DC37C77-3696-4E13-B0FB-E08F8404FF98}.Debug|Any CPU.ActiveCfg = Debug|Any CPU
		{6DC37C77-3696-4E13-B0FB-E08F8404FF98}.Debug|Any CPU.Build.0 = Debug|Any CPU
		{6DC37C77-3696-4E13-B0FB-E08F8404FF98}.Release|Any CPU.ActiveCfg = Release|Any CPU
		{6DC37C77-3696-4E13-B0FB-E08F8404FF98}.Release|Any CPU.Build.0 = Release|Any CPU
	EndGlobalSection
	GlobalSection(SolutionProperties) = preSolution
		HideSolutionNode = FALSE
	EndGlobalSection
	GlobalSection(ExtensibilityGlobals) = postSolution
		SolutionGuid = {574844EF-4499-428D-B2C4-AF4EC8750785}
	EndGlobalSection
EndGlobal
