
Microsoft Visual Studio Solution File, Format Version 12.00
# Visual Studio Version 16
VisualStudioVersion = 16.0.30611.23
MinimumVisualStudioVersion = 10.0.40219.1
Project("{FAE04EC0-301F-11D3-BF4B-00C04F79EFBC}") = "Problem1", "Problem1\Problem1.csproj", "{6FC4419A-678E-4E11-AAE1-44479408B551}"
EndProject
Project("{FAE04EC0-301F-11D3-BF4B-00C04F79EFBC}") = "Problem2", "Problem2\Problem2.csproj", "{FAF9B1C2-5EFC-4098-96E0-73CAF1ED22BC}"
EndProject
Project("{FAE04EC0-301F-11D3-BF4B-00C04F79EFBC}") = "Problem3", "Problem3\Problem3.csproj", "{7CF7D91C-A6AE-476E-BDD4-374A82F5587A}"
EndProject
Global
	GlobalSection(SolutionConfigurationPlatforms) = preSolution
		Debug|Any CPU = Debug|Any CPU
		Release|Any CPU = Release|Any CPU
	EndGlobalSection
	GlobalSection(ProjectConfigurationPlatforms) = postSolution
		{6FC4419A-678E-4E11-AAE1-44479408B551}.Debug|Any CPU.ActiveCfg = Debug|Any CPU
		{6FC4419A-678E-4E11-AAE1-44479408B551}.Debug|Any CPU.Build.0 = Debug|Any CPU
		{6FC4419A-678E-4E11-AAE1-44479408B551}.Release|Any CPU.ActiveCfg = Release|Any CPU
		{6FC4419A-678E-4E11-AAE1-44479408B551}.Release|Any CPU.Build.0 = Release|Any CPU
		{FAF9B1C2-5EFC-4098-96E0-73CAF1ED22BC}.Debug|Any CPU.ActiveCfg = Debug|Any CPU
		{FAF9B1C2-5EFC-4098-96E0-73CAF1ED22BC}.Debug|Any CPU.Build.0 = Debug|Any CPU
		{FAF9B1C2-5EFC-4098-96E0-73CAF1ED22BC}.Release|Any CPU.ActiveCfg = Release|Any CPU
		{FAF9B1C2-5EFC-4098-96E0-73CAF1ED22BC}.Release|Any CPU.Build.0 = Release|Any CPU
		{7CF7D91C-A6AE-476E-BDD4-374A82F5587A}.Debug|Any CPU.ActiveCfg = Debug|Any CPU
		{7CF7D91C-A6AE-476E-BDD4-374A82F5587A}.Debug|Any CPU.Build.0 = Debug|Any CPU
		{7CF7D91C-A6AE-476E-BDD4-374A82F5587A}.Release|Any CPU.ActiveCfg = Release|Any CPU
		{7CF7D91C-A6AE-476E-BDD4-374A82F5587A}.Release|Any CPU.Build.0 = Release|Any CPU
	EndGlobalSection
	GlobalSection(SolutionProperties) = preSolution
		HideSolutionNode = FALSE
	EndGlobalSection
	GlobalSection(ExtensibilityGlobals) = postSolution
		SolutionGuid = {BAEC92B2-6081-4778-90C8-F0807C0931F7}
	EndGlobalSection
EndGlobal
