
Microsoft Visual Studio Solution File, Format Version 12.00
# Visual Studio Version 16
VisualStudioVersion = 16.0.30611.23
MinimumVisualStudioVersion = 10.0.40219.1
Project("{FAE04EC0-301F-11D3-BF4B-00C04F79EFBC}") = "Cooking", "Cooking\Cooking.csproj", "{E03D9D56-85AC-49BE-80FE-12AD2E34057C}"
EndProject
Project("{FAE04EC0-301F-11D3-BF4B-00C04F79EFBC}") = "Selling", "Selling\Selling.csproj", "{A86F4C79-1986-44E3-9519-12164D25F605}"
EndProject
Project("{FAE04EC0-301F-11D3-BF4B-00C04F79EFBC}") = "BakeryOpenning", "BakeryOpenning\BakeryOpenning.csproj", "{C64F5F5F-3B91-4DE0-904D-CC46B5CFB9CF}"
EndProject
Global
	GlobalSection(SolutionConfigurationPlatforms) = preSolution
		Debug|Any CPU = Debug|Any CPU
		Release|Any CPU = Release|Any CPU
	EndGlobalSection
	GlobalSection(ProjectConfigurationPlatforms) = postSolution
		{E03D9D56-85AC-49BE-80FE-12AD2E34057C}.Debug|Any CPU.ActiveCfg = Debug|Any CPU
		{E03D9D56-85AC-49BE-80FE-12AD2E34057C}.Debug|Any CPU.Build.0 = Debug|Any CPU
		{E03D9D56-85AC-49BE-80FE-12AD2E34057C}.Release|Any CPU.ActiveCfg = Release|Any CPU
		{E03D9D56-85AC-49BE-80FE-12AD2E34057C}.Release|Any CPU.Build.0 = Release|Any CPU
		{A86F4C79-1986-44E3-9519-12164D25F605}.Debug|Any CPU.ActiveCfg = Debug|Any CPU
		{A86F4C79-1986-44E3-9519-12164D25F605}.Debug|Any CPU.Build.0 = Debug|Any CPU
		{A86F4C79-1986-44E3-9519-12164D25F605}.Release|Any CPU.ActiveCfg = Release|Any CPU
		{A86F4C79-1986-44E3-9519-12164D25F605}.Release|Any CPU.Build.0 = Release|Any CPU
		{C64F5F5F-3B91-4DE0-904D-CC46B5CFB9CF}.Debug|Any CPU.ActiveCfg = Debug|Any CPU
		{C64F5F5F-3B91-4DE0-904D-CC46B5CFB9CF}.Debug|Any CPU.Build.0 = Debug|Any CPU
		{C64F5F5F-3B91-4DE0-904D-CC46B5CFB9CF}.Release|Any CPU.ActiveCfg = Release|Any CPU
		{C64F5F5F-3B91-4DE0-904D-CC46B5CFB9CF}.Release|Any CPU.Build.0 = Release|Any CPU
	EndGlobalSection
	GlobalSection(SolutionProperties) = preSolution
		HideSolutionNode = FALSE
	EndGlobalSection
	GlobalSection(ExtensibilityGlobals) = postSolution
		SolutionGuid = {B7DB3BD7-BE3A-4A7C-99E9-4C7160DD9583}
	EndGlobalSection
EndGlobal
