
Microsoft Visual Studio Solution File, Format Version 12.00
# Visual Studio Version 16
VisualStudioVersion = 16.0.30611.23
MinimumVisualStudioVersion = 10.0.40219.1
Project("{FAE04EC0-301F-11D3-BF4B-00C04F79EFBC}") = "Shapes", "Shapes\Shapes.csproj", "{E7987A9C-F01C-4A7D-AAA9-DA5687776CC1}"
EndProject
Project("{FAE04EC0-301F-11D3-BF4B-00C04F79EFBC}") = "Cars", "Cars\Cars.csproj", "{9CF850A9-000F-4DDD-A2AE-BECF34F04ECC}"
EndProject
Global
	GlobalSection(SolutionConfigurationPlatforms) = preSolution
		Debug|Any CPU = Debug|Any CPU
		Release|Any CPU = Release|Any CPU
	EndGlobalSection
	GlobalSection(ProjectConfigurationPlatforms) = postSolution
		{E7987A9C-F01C-4A7D-AAA9-DA5687776CC1}.Debug|Any CPU.ActiveCfg = Debug|Any CPU
		{E7987A9C-F01C-4A7D-AAA9-DA5687776CC1}.Debug|Any CPU.Build.0 = Debug|Any CPU
		{E7987A9C-F01C-4A7D-AAA9-DA5687776CC1}.Release|Any CPU.ActiveCfg = Release|Any CPU
		{E7987A9C-F01C-4A7D-AAA9-DA5687776CC1}.Release|Any CPU.Build.0 = Release|Any CPU
		{9CF850A9-000F-4DDD-A2AE-BECF34F04ECC}.Debug|Any CPU.ActiveCfg = Debug|Any CPU
		{9CF850A9-000F-4DDD-A2AE-BECF34F04ECC}.Debug|Any CPU.Build.0 = Debug|Any CPU
		{9CF850A9-000F-4DDD-A2AE-BECF34F04ECC}.Release|Any CPU.ActiveCfg = Release|Any CPU
		{9CF850A9-000F-4DDD-A2AE-BECF34F04ECC}.Release|Any CPU.Build.0 = Release|Any CPU
	EndGlobalSection
	GlobalSection(SolutionProperties) = preSolution
		HideSolutionNode = FALSE
	EndGlobalSection
	GlobalSection(ExtensibilityGlobals) = postSolution
		SolutionGuid = {5211D293-1F86-4927-AFB4-0497CF56CCA4}
	EndGlobalSection
EndGlobal
